
Microsoft Visual Studio Solution File, Format Version 12.00
# Visual Studio 14
VisualStudioVersion = 14.0.25123.0
MinimumVisualStudioVersion = 10.0.40219.1
Project("{FAE04EC0-301F-11D3-BF4B-00C04F79EFBC}") = "CustomerManagement.Api", "CustomerManagement.Api\CustomerManagement.Api.csproj", "{BC803CDD-20F3-45C8-9D80-2B46A3DEB74B}"
EndProject
Project("{FAE04EC0-301F-11D3-BF4B-00C04F79EFBC}") = "CustomerManagement.Logic", "CustomerManagement.Logic\CustomerManagement.Logic.csproj", "{F70E52C4-2E3A-4D96-BFD5-B1CAABD0B3EE}"
EndProject
Project("{FAE04EC0-301F-11D3-BF4B-00C04F79EFBC}") = "CustomerManagement.Tests", "CustomerManagement.Tests\CustomerManagement.Tests.csproj", "{E9291195-4EE9-4B42-A5C0-75169DC70556}"
EndProject
Project("{2150E333-8FDC-42A3-9474-1A3956D46DE8}") = "DBCreationScripts", "DBCreationScripts", "{94FDD886-C7B6-4294-8A3F-A28A3F4393B8}"
	ProjectSection(SolutionItems) = preProject
		DBCreationScriptNonRefactored.txt = DBCreationScriptNonRefactored.txt
		DBCreationScriptRefactored.txt = DBCreationScriptRefactored.txt
	EndProjectSection
EndProject
Global
	GlobalSection(SolutionConfigurationPlatforms) = preSolution
		Debug|Any CPU = Debug|Any CPU
		Release|Any CPU = Release|Any CPU
	EndGlobalSection
	GlobalSection(ProjectConfigurationPlatforms) = postSolution
		{BC803CDD-20F3-45C8-9D80-2B46A3DEB74B}.Debug|Any CPU.ActiveCfg = Debug|Any CPU
		{BC803CDD-20F3-45C8-9D80-2B46A3DEB74B}.Debug|Any CPU.Build.0 = Debug|Any CPU
		{BC803CDD-20F3-45C8-9D80-2B46A3DEB74B}.Release|Any CPU.ActiveCfg = Release|Any CPU
		{BC803CDD-20F3-45C8-9D80-2B46A3DEB74B}.Release|Any CPU.Build.0 = Release|Any CPU
		{F70E52C4-2E3A-4D96-BFD5-B1CAABD0B3EE}.Debug|Any CPU.ActiveCfg = Debug|Any CPU
		{F70E52C4-2E3A-4D96-BFD5-B1CAABD0B3EE}.Debug|Any CPU.Build.0 = Debug|Any CPU
		{F70E52C4-2E3A-4D96-BFD5-B1CAABD0B3EE}.Release|Any CPU.ActiveCfg = Release|Any CPU
		{F70E52C4-2E3A-4D96-BFD5-B1CAABD0B3EE}.Release|Any CPU.Build.0 = Release|Any CPU
		{E9291195-4EE9-4B42-A5C0-75169DC70556}.Debug|Any CPU.ActiveCfg = Debug|Any CPU
		{E9291195-4EE9-4B42-A5C0-75169DC70556}.Debug|Any CPU.Build.0 = Debug|Any CPU
		{E9291195-4EE9-4B42-A5C0-75169DC70556}.Release|Any CPU.ActiveCfg = Release|Any CPU
		{E9291195-4EE9-4B42-A5C0-75169DC70556}.Release|Any CPU.Build.0 = Release|Any CPU
	EndGlobalSection
	GlobalSection(SolutionProperties) = preSolution
		HideSolutionNode = FALSE
	EndGlobalSection
EndGlobal
